<?xml version="1.0" encoding="utf-8"?>
<Project ToolsVersion="4.0" xmlns="http://schemas.microsoft.com/developer/msbuild/2003">
  <ItemGroup>
    <Filter Include="源文件">
      <UniqueIdentifier>{4FC737F1-C7A5-4376-A066-2A32D752A2FF}</UniqueIdentifier>
      <Extensions>cpp;c;cc;cxx;def;odl;idl;hpj;bat;asm;asmx</Extensions>
    </Filter>
    <Filter Include="头文件">
      <UniqueIdentifier>{93995380-89BD-4b04-88EB-625FBE52EBFB}</UniqueIdentifier>
      <Extensions>h;hpp;hxx;hm;inl;inc;xsd</Extensions>
    </Filter>
    <Filter Include="源文件\Geometry">
      <UniqueIdentifier>{69f24eb0-cb62-4c17-a355-59a907185091}</UniqueIdentifier>
    </Filter>
    <Filter Include="源文件\AceData">
      <UniqueIdentifier>{17f31597-9aec-468d-b841-4d087ac883fa}</UniqueIdentifier>
    </Filter>
    <Filter Include="源文件\Burnup">
      <UniqueIdentifier>{2dca0ca1-bb70-406b-bcd0-4e6499607f5d}</UniqueIdentifier>
    </Filter>
    <Filter Include="源文件\Transport">
      <UniqueIdentifier>{ec3fddca-2901-4faf-8877-02e577cdfc43}</UniqueIdentifier>
    </Filter>
    <Filter Include="源文件\Tally">
      <UniqueIdentifier>{5a2d59be-76f4-469e-ab40-d6a96a62d9e5}</UniqueIdentifier>
    </Filter>
    <Filter Include="源文件\CalMode">
      <UniqueIdentifier>{3f7a480a-26b0-4bb8-ae2b-170ccccb97b4}</UniqueIdentifier>
    </Filter>
    <Filter Include="源文件\Convergence">
      <UniqueIdentifier>{8ebe6416-9f4f-48eb-9b8d-8532497e015c}</UniqueIdentifier>
    </Filter>
    <Filter Include="源文件\Universe">
      <UniqueIdentifier>{70a46ea0-ca05-460e-a3d1-bc8f188e095b}</UniqueIdentifier>
    </Filter>
    <Filter Include="源文件\Parallel">
      <UniqueIdentifier>{55693565-8fb6-4c77-ab20-1a013188b318}</UniqueIdentifier>
    </Filter>
    <Filter Include="源文件\Plot">
      <UniqueIdentifier>{9cd45c06-9113-4e4c-b152-733e891688f4}</UniqueIdentifier>
    </Filter>
    <Filter Include="源文件\Output">
      <UniqueIdentifier>{8ee5472e-bce5-4213-8047-9e5495ae595e}</UniqueIdentifier>
    </Filter>
    <Filter Include="源文件\Input">
      <UniqueIdentifier>{68ed5681-6e6b-4d4e-aed3-8da15f8adba8}</UniqueIdentifier>
    </Filter>
    <Filter Include="源文件\Material">
      <UniqueIdentifier>{6a592641-5cf0-481e-9435-21e2b81e1c96}</UniqueIdentifier>
    </Filter>
  </ItemGroup>
  <ItemGroup>
    <ClCompile Include="RMC_src\main.cpp">
      <Filter>源文件</Filter>
    </ClCompile>
    <ClCompile Include="RMC_src\InterpolateSab.cpp">
      <Filter>源文件\AceData</Filter>
    </ClCompile>
    <ClCompile Include="RMC_src\TreatURR.cpp">
      <Filter>源文件\AceData</Filter>
    </ClCompile>
    <ClCompile Include="RMC_src\TreatFreeGasModel.cpp">
      <Filter>源文件\Transport</Filter>
    </ClCompile>
    <ClCompile Include="RMC_src\RotateDirection.cpp">
      <Filter>源文件\Transport</Filter>
    </ClCompile>
    <ClCompile Include="RMC_src\ReactByLawSubs.cpp">
      <Filter>源文件\AceData</Filter>
    </ClCompile>
    <ClCompile Include="RMC_src\TransferCmToLab.cpp">
      <Filter>源文件\Transport</Filter>
    </ClCompile>
    <ClCompile Include="RMC_src\ReactByLaws.cpp">
      <Filter>源文件\AceData</Filter>
    </ClCompile>
    <ClCompile Include="RMC_src\GetNucMtCs.cpp">
      <Filter>源文件\AceData</Filter>
    </ClCompile>
    <ClCompile Include="RMC_src\InitiateAndClear.cpp">
      <Filter>源文件\AceData</Filter>
    </ClCompile>
    <ClCompile Include="RMC_src\FindNeighborCell.cpp">
      <Filter>源文件\Geometry</Filter>
    </ClCompile>
    <ClCompile Include="RMC_src\GetSurfNormLine.cpp">
      <Filter>源文件\Geometry</Filter>
    </ClCompile>
    <ClCompile Include="RMC_src\Reflect.cpp">
      <Filter>源文件\Geometry</Filter>
    </ClCompile>
    <ClCompile Include="RMC_src\GetSurfType.cpp">
      <Filter>源文件\Geometry</Filter>
    </ClCompile>
    <ClCompile Include="RMC_src\GenProbNeighbor.cpp">
      <Filter>源文件\Geometry</Filter>
    </ClCompile>
    <ClCompile Include="RMC_src\CheckGeometry.cpp">
      <Filter>源文件\Geometry</Filter>
    </ClCompile>
    <ClCompile Include="RMC_src\CheckIOFile.cpp">
      <Filter>源文件\Input</Filter>
    </ClCompile>
    <ClCompile Include="RMC_src\CheckInpBlock.cpp">
      <Filter>源文件\Input</Filter>
    </ClCompile>
    <ClCompile Include="RMC_src\CheckTransport.cpp">
      <Filter>源文件\Transport</Filter>
    </ClCompile>
    <ClCompile Include="RMC_src\InitiateBurnup.cpp">
      <Filter>源文件\Burnup</Filter>
    </ClCompile>
    <ClCompile Include="RMC_src\RestBurnup.cpp">
      <Filter>源文件\Burnup</Filter>
    </ClCompile>
    <ClCompile Include="RMC_src\InitiateTrspt.cpp">
      <Filter>源文件\Transport</Filter>
    </ClCompile>
    <ClCompile Include="RMC_src\TallyByTL.cpp">
      <Filter>源文件\Tally</Filter>
    </ClCompile>
    <ClCompile Include="RMC_src\OutputKeff.cpp">
      <Filter>源文件\Transport</Filter>
    </ClCompile>
    <ClCompile Include="RMC_src\ProcessKeff.cpp">
      <Filter>源文件\Transport</Filter>
    </ClCompile>
    <ClCompile Include="RMC_src\ResetTrspt.cpp">
      <Filter>源文件\Transport</Filter>
    </ClCompile>
    <ClCompile Include="RMC_src\InitiateFsc.cpp">
      <Filter>源文件\Convergence</Filter>
    </ClCompile>
    <ClCompile Include="RMC_src\WldtBankFissions.cpp">
      <Filter>源文件\Convergence</Filter>
    </ClCompile>
    <ClCompile Include="RMC_src\WldtSampleSource.cpp">
      <Filter>源文件\Convergence</Filter>
    </ClCompile>
    <ClCompile Include="RMC_src\ConvergenceClass.cpp">
      <Filter>源文件\Convergence</Filter>
    </ClCompile>
    <ClCompile Include="RMC_src\EstimateKeff.cpp">
      <Filter>源文件\Transport</Filter>
    </ClCompile>
    <ClCompile Include="RMC_src\CombineKeff.cpp">
      <Filter>源文件\Transport</Filter>
    </ClCompile>
    <ClCompile Include="RMC_src\ResetFsc.cpp">
      <Filter>源文件\Convergence</Filter>
    </ClCompile>
    <ClCompile Include="RMC_src\FindLatIndex.cpp">
      <Filter>源文件\Universe</Filter>
    </ClCompile>
    <ClCompile Include="RMC_src\ParticleIsInCell.cpp">
      <Filter>源文件\Geometry</Filter>
    </ClCompile>
    <ClCompile Include="RMC_src\LocateParticle.cpp">
      <Filter>源文件\Geometry</Filter>
    </ClCompile>
    <ClCompile Include="RMC_src\OffsetNeighborLat.cpp">
      <Filter>源文件\Universe</Filter>
    </ClCompile>
    <ClCompile Include="RMC_src\MonveToOriginLat.cpp">
      <Filter>源文件\Universe</Filter>
    </ClCompile>
    <ClCompile Include="RMC_src\GetScattCosine.cpp">
      <Filter>源文件\AceData</Filter>
    </ClCompile>
    <ClCompile Include="RMC_src\SortFraction.cpp">
      <Filter>源文件\Burnup</Filter>
    </ClCompile>
    <ClCompile Include="RMC_src\RMC_to_DEPTH.cpp">
      <Filter>源文件\Burnup</Filter>
    </ClCompile>
    <ClCompile Include="RMC_src\DEPTH_to_RMC.cpp">
      <Filter>源文件\Burnup</Filter>
    </ClCompile>
    <ClCompile Include="RMC_src\CoupleTrsptBurn.cpp">
      <Filter>源文件\Burnup</Filter>
    </ClCompile>
    <ClCompile Include="RMC_src\InitiateParallel.cpp">
      <Filter>源文件\Parallel</Filter>
    </ClCompile>
    <ClCompile Include="RMC_src\ParallelBank.cpp">
      <Filter>源文件\Parallel</Filter>
    </ClCompile>
    <ClCompile Include="RMC_src\OutputSrcInfo.cpp">
      <Filter>源文件\Transport</Filter>
    </ClCompile>
    <ClCompile Include="RMC_src\ProcessBank.cpp">
      <Filter>源文件\Transport</Filter>
    </ClCompile>
    <ClCompile Include="RMC_src\InitiateTally.cpp">
      <Filter>源文件\Tally</Filter>
    </ClCompile>
    <ClCompile Include="RMC_src\OutputTally.cpp">
      <Filter>源文件\Tally</Filter>
    </ClCompile>
    <ClCompile Include="RMC_src\CheckAceForBurn.cpp">
      <Filter>源文件\Burnup</Filter>
    </ClCompile>
    <ClCompile Include="RMC_src\ParallelBankSearch.cpp">
      <Filter>源文件\Parallel</Filter>
    </ClCompile>
    <ClCompile Include="RMC_src\GetCellMat.cpp">
      <Filter>源文件\Geometry</Filter>
    </ClCompile>
    <ClCompile Include="RMC_src\GenTallyCellMap.cpp">
      <Filter>源文件\Tally</Filter>
    </ClCompile>
    <ClCompile Include="RMC_src\ProcessCsByUEG.cpp">
      <Filter>源文件\Tally</Filter>
    </ClCompile>
    <ClCompile Include="RMC_src\InitiateAll.cpp">
      <Filter>源文件\Transport</Filter>
    </ClCompile>
    <ClCompile Include="RMC_src\ParallelBurn.cpp">
      <Filter>源文件\Parallel</Filter>
    </ClCompile>
    <ClCompile Include="RMC_src\BuildNeiCellsList.cpp">
      <Filter>源文件\Geometry</Filter>
    </ClCompile>
    <ClCompile Include="RMC_src\ExpdGlobalCell.cpp">
      <Filter>源文件\Geometry</Filter>
    </ClCompile>
    <ClCompile Include="RMC_src\ExpdBurnableCell.cpp">
      <Filter>源文件\Burnup</Filter>
    </ClCompile>
    <ClCompile Include="RMC_src\KeyWordList.cpp">
      <Filter>源文件</Filter>
    </ClCompile>
    <ClCompile Include="RMC_src\GetLawType.cpp">
      <Filter>源文件\AceData</Filter>
    </ClCompile>
    <ClCompile Include="RMC_src\GeometryTracking.cpp">
      <Filter>源文件\Transport</Filter>
    </ClCompile>
    <ClCompile Include="RMC_src\FindNextCell.cpp">
      <Filter>源文件\Geometry</Filter>
    </ClCompile>
    <ClCompile Include="RMC_src\CalcDistToBound.cpp">
      <Filter>源文件\Geometry</Filter>
    </ClCompile>
    <ClCompile Include="RMC_src\CalcDistToSurf.cpp">
      <Filter>源文件\Geometry</Filter>
    </ClCompile>
    <ClCompile Include="RMC_src\CalcSurfSense.cpp">
      <Filter>源文件\Geometry</Filter>
    </ClCompile>
    <ClCompile Include="RMC_src\CalcBoolExpression.cpp">
      <Filter>源文件\Geometry</Filter>
    </ClCompile>
    <ClCompile Include="RMC_src\CalcDistToLat.cpp">
      <Filter>源文件\Universe</Filter>
    </ClCompile>
    <ClCompile Include="RMC_src\CalcBurnup.cpp">
      <Filter>源文件\CalMode</Filter>
    </ClCompile>
    <ClCompile Include="RMC_src\CalcCellPower.cpp">
      <Filter>源文件\Burnup</Filter>
    </ClCompile>
    <ClCompile Include="RMC_src\CalcCriticality.cpp">
      <Filter>源文件\CalMode</Filter>
    </ClCompile>
    <ClCompile Include="RMC_src\DpplrBrdnNucTmp.cpp">
      <Filter>源文件\AceData</Filter>
    </ClCompile>
    <ClCompile Include="RMC_src\GenUnionErgGrid.cpp">
      <Filter>源文件\AceData</Filter>
    </ClCompile>
    <ClCompile Include="RMC_src\GetNucAbsScattCs.cpp">
      <Filter>源文件\AceData</Filter>
    </ClCompile>
    <ClCompile Include="RMC_src\GetNucTotFisCs.cpp">
      <Filter>源文件\AceData</Filter>
    </ClCompile>
    <ClCompile Include="RMC_src\BankFisSource.cpp">
      <Filter>源文件\Transport</Filter>
    </ClCompile>
    <ClCompile Include="RMC_src\InitiateFisSource.cpp">
      <Filter>源文件\Transport</Filter>
    </ClCompile>
    <ClCompile Include="RMC_src\ProcessCycleEnd.cpp">
      <Filter>源文件\Transport</Filter>
    </ClCompile>
    <ClCompile Include="RMC_src\TrackHistory.cpp">
      <Filter>源文件\Transport</Filter>
    </ClCompile>
    <ClCompile Include="RMC_src\WldtTrackHistory.cpp">
      <Filter>源文件\Convergence</Filter>
    </ClCompile>
    <ClCompile Include="RMC_src\ReadAceData.cpp">
      <Filter>源文件\AceData</Filter>
    </ClCompile>
    <ClCompile Include="RMC_src\CalcMatFisQ.cpp">
      <Filter>源文件\Tally</Filter>
    </ClCompile>
    <ClCompile Include="RMC_src\CalcPointBurnup.cpp">
      <Filter>源文件\CalMode</Filter>
    </ClCompile>
    <ClCompile Include="RMC_src\StrideRNG.cpp">
      <Filter>源文件\Transport</Filter>
    </ClCompile>
    <ClCompile Include="RMC_src\DiagAcceFsc.cpp">
      <Filter>源文件\Convergence</Filter>
    </ClCompile>
    <ClCompile Include="RMC_src\GetExitErgMu.cpp">
      <Filter>源文件\AceData</Filter>
    </ClCompile>
    <ClCompile Include="RMC_src\GetAceParas.cpp">
      <Filter>源文件\AceData</Filter>
    </ClCompile>
    <ClCompile Include="RMC_src\CheckCeAceBlock.cpp">
      <Filter>源文件\AceData</Filter>
    </ClCompile>
    <ClCompile Include="RMC_src\CheckMgAceBlock.cpp">
      <Filter>源文件\AceData</Filter>
    </ClCompile>
    <ClCompile Include="RMC_src\GetMgCs.cpp">
      <Filter>源文件\AceData</Filter>
    </ClCompile>
    <ClCompile Include="RMC_src\SampleFreeFlyDist.cpp">
      <Filter>源文件\Transport</Filter>
    </ClCompile>
    <ClCompile Include="RMC_src\SampleColliNuc.cpp">
      <Filter>源文件\Transport</Filter>
    </ClCompile>
    <ClCompile Include="RMC_src\SampleColliType.cpp">
      <Filter>源文件\Transport</Filter>
    </ClCompile>
    <ClCompile Include="RMC_src\TreatImpliCapt.cpp">
      <Filter>源文件\Transport</Filter>
    </ClCompile>
    <ClCompile Include="RMC_src\GetExitState.cpp">
      <Filter>源文件\Transport</Filter>
    </ClCompile>
    <ClCompile Include="RMC_src\CalcColliNucCs.cpp">
      <Filter>源文件\Transport</Filter>
    </ClCompile>
    <ClCompile Include="RMC_src\TreatFission.cpp">
      <Filter>源文件\Transport</Filter>
    </ClCompile>
    <ClCompile Include="RMC_src\GetMgExitErgMu.cpp">
      <Filter>源文件\AceData</Filter>
    </ClCompile>
    <ClCompile Include="RMC_src\ParticleStateFun.cpp">
      <Filter>源文件\Universe</Filter>
    </ClCompile>
    <ClCompile Include="RMC_src\TranUnivCoord.cpp">
      <Filter>源文件\Geometry</Filter>
    </ClCompile>
    <ClCompile Include="RMC_src\ReadCellCard.cpp">
      <Filter>源文件\Input</Filter>
    </ClCompile>
    <ClCompile Include="RMC_src\ReadUniverseBlock.cpp">
      <Filter>源文件\Input</Filter>
    </ClCompile>
    <ClCompile Include="RMC_src\ReadSurfaceBlock.cpp">
      <Filter>源文件\Input</Filter>
    </ClCompile>
    <ClCompile Include="RMC_src\ReadInuptBlocks.cpp">
      <Filter>源文件\Input</Filter>
    </ClCompile>
    <ClCompile Include="RMC_src\ReadMatCard.cpp">
      <Filter>源文件\Input</Filter>
    </ClCompile>
    <ClCompile Include="RMC_src\ReadMaterialBlock.cpp">
      <Filter>源文件\Input</Filter>
    </ClCompile>
    <ClCompile Include="RMC_src\ReadCellSurfBool.cpp">
      <Filter>源文件\Input</Filter>
    </ClCompile>
    <ClCompile Include="RMC_src\ReadTallyCells.cpp">
      <Filter>源文件\Input</Filter>
    </ClCompile>
    <ClCompile Include="RMC_src\ReadCriticalityBlock.cpp">
      <Filter>源文件\Input</Filter>
    </ClCompile>
    <ClCompile Include="RMC_src\ReadCardOptions.cpp">
      <Filter>源文件\Input</Filter>
    </ClCompile>
    <ClCompile Include="RMC_src\ReadCellTallyCard.cpp">
      <Filter>源文件\Input</Filter>
    </ClCompile>
    <ClCompile Include="RMC_src\ReadErgBins.cpp">
      <Filter>源文件\Input</Filter>
    </ClCompile>
    <ClCompile Include="RMC_src\ReadTallyBlock.cpp">
      <Filter>源文件\Input</Filter>
    </ClCompile>
    <ClCompile Include="RMC_src\ReadConvergenceBlock.cpp">
      <Filter>源文件\Input</Filter>
    </ClCompile>
    <ClCompile Include="RMC_src\ReadPrintBlock.cpp">
      <Filter>源文件\Input</Filter>
    </ClCompile>
    <ClCompile Include="RMC_src\ReadBurnupBlock.cpp">
      <Filter>源文件\Input</Filter>
    </ClCompile>
    <ClCompile Include="RMC_src\TallyNucCsByTL.cpp">
      <Filter>源文件\Tally</Filter>
    </ClCompile>
    <ClCompile Include="RMC_src\TallyCsByTL.cpp">
      <Filter>源文件\Tally</Filter>
    </ClCompile>
    <ClCompile Include="RMC_src\TallyCellByTL.cpp">
      <Filter>源文件\Tally</Filter>
    </ClCompile>
    <ClCompile Include="RMC_src\ReadCsTallyCard.cpp">
      <Filter>源文件\Input</Filter>
    </ClCompile>
    <ClCompile Include="RMC_src\CheckSurfParas.cpp">
      <Filter>源文件\Geometry</Filter>
    </ClCompile>
    <ClCompile Include="RMC_src\OutputBurnup.cpp">
      <Filter>源文件\Burnup</Filter>
    </ClCompile>
    <ClCompile Include="RMC_src\PrintStepMssg.cpp">
      <Filter>源文件\Burnup</Filter>
    </ClCompile>
    <ClCompile Include="RMC_src\PrintKeffTable.cpp">
      <Filter>源文件\Burnup</Filter>
    </ClCompile>
    <ClCompile Include="RMC_src\CheckOutputCells.cpp">
      <Filter>源文件\Burnup</Filter>
    </ClCompile>
    <ClCompile Include="RMC_src\GenErgBinMap.cpp">
      <Filter>源文件\AceData</Filter>
    </ClCompile>
    <ClCompile Include="RMC_src\GetErgBinMapPtr.cpp">
      <Filter>源文件\AceData</Filter>
    </ClCompile>
    <ClCompile Include="RMC_src\MapClassFun.cpp">
      <Filter>头文件</Filter>
    </ClCompile>
    <ClCompile Include="RMC_src\AcceFsc.cpp">
      <Filter>源文件\Convergence</Filter>
    </ClCompile>
    <ClCompile Include="RMC_src\TallyTypeFun.cpp">
      <Filter>源文件\Tally</Filter>
    </ClCompile>
    <ClCompile Include="RMC_src\SumUpTally.cpp">
      <Filter>源文件\Tally</Filter>
    </ClCompile>
    <ClCompile Include="RMC_src\ProcessTally.cpp">
      <Filter>源文件\Tally</Filter>
    </ClCompile>
    <ClCompile Include="RMC_src\GatherTally.cpp">
      <Filter>源文件\Parallel</Filter>
    </ClCompile>
    <ClCompile Include="RMC_src\FscTally.cpp">
      <Filter>源文件\Convergence</Filter>
    </ClCompile>
    <ClCompile Include="RMC_src\DiagFsc.cpp">
      <Filter>源文件\Convergence</Filter>
    </ClCompile>
    <ClCompile Include="RMC_src\ReadMeshPara.cpp">
      <Filter>源文件\Input</Filter>
    </ClCompile>
    <ClCompile Include="RMC_src\MeshFun.cpp">
      <Filter>源文件\Convergence</Filter>
    </ClCompile>
    <ClCompile Include="RMC_src\NpMatrixFun.cpp">
      <Filter>源文件\Convergence</Filter>
    </ClCompile>
    <ClCompile Include="RMC_src\FisMatrixFun.cpp">
      <Filter>源文件\Convergence</Filter>
    </ClCompile>
    <ClCompile Include="RMC_src\ProcessFm.cpp">
      <Filter>源文件\Convergence</Filter>
    </ClCompile>
    <ClCompile Include="RMC_src\ProcessNpm.cpp">
      <Filter>源文件\Convergence</Filter>
    </ClCompile>
    <ClCompile Include="RMC_src\ProcessSe.cpp">
      <Filter>源文件\Convergence</Filter>
    </ClCompile>
    <ClCompile Include="RMC_src\BurnupClass.cpp">
      <Filter>源文件\Burnup</Filter>
    </ClCompile>
    <ClCompile Include="RMC_src\GenImpNucIndex.cpp">
      <Filter>源文件\Burnup</Filter>
    </ClCompile>
    <ClCompile Include="RMC_src\ConvertNucId.cpp">
      <Filter>源文件\Burnup</Filter>
    </ClCompile>
    <ClCompile Include="RMC_src\AddBurnNucToMat.cpp">
      <Filter>源文件\Burnup</Filter>
    </ClCompile>
    <ClCompile Include="RMC_src\BalanceFisBank.cpp">
      <Filter>源文件\Parallel</Filter>
    </ClCompile>
    <ClCompile Include="RMC_src\BalanceBurnCell.cpp">
      <Filter>源文件\Parallel</Filter>
    </ClCompile>
    <ClCompile Include="RMC_src\OutputCellPower.cpp">
      <Filter>源文件\Burnup</Filter>
    </ClCompile>
    <ClCompile Include="RMC_src\OutputCellNucDen.cpp">
      <Filter>源文件\Burnup</Filter>
    </ClCompile>
    <ClCompile Include="RMC_src\OutputTotNucDen.cpp">
      <Filter>源文件\Burnup</Filter>
    </ClCompile>
    <ClCompile Include="RMC_src\GetTotNu.cpp">
      <Filter>源文件\AceData</Filter>
    </ClCompile>
    <ClCompile Include="RMC_src\ReadPlotBlock.cpp">
      <Filter>源文件\Input</Filter>
    </ClCompile>
    <ClCompile Include="RMC_src\RunCalculation.cpp">
      <Filter>源文件\CalMode</Filter>
    </ClCompile>
    <ClCompile Include="RMC_src\CheckCellDefinition.cpp">
      <Filter>源文件\Geometry</Filter>
    </ClCompile>
    <ClCompile Include="RMC_src\Plot_UpdatePlotParas.cpp">
      <Filter>源文件\Plot</Filter>
    </ClCompile>
    <ClCompile Include="RMC_src\Plot_SurfBoundTreat.cpp">
      <Filter>源文件\Plot</Filter>
    </ClCompile>
    <ClCompile Include="RMC_src\Plot_RunPlot.cpp">
      <Filter>源文件\Plot</Filter>
    </ClCompile>
    <ClCompile Include="RMC_src\Plot_ResetPlot.cpp">
      <Filter>源文件\Plot</Filter>
    </ClCompile>
    <ClCompile Include="RMC_src\Plot_InitPlot.cpp">
      <Filter>源文件\Plot</Filter>
    </ClCompile>
    <ClCompile Include="RMC_src\Plot_GenPixelMatrix.cpp">
      <Filter>源文件\Plot</Filter>
    </ClCompile>
    <ClCompile Include="RMC_src\Plot_WriteImage.cpp">
      <Filter>源文件\Plot</Filter>
    </ClCompile>
    <ClCompile Include="RMC_src\Plot_GenRGBIndex.cpp">
      <Filter>源文件\Plot</Filter>
    </ClCompile>
    <ClCompile Include="RMC_src\Plot_OutputPlotFile.cpp">
      <Filter>源文件\Plot</Filter>
    </ClCompile>
    <ClCompile Include="RMC_src\ScoreMeshTally.cpp">
      <Filter>源文件\Tally</Filter>
    </ClCompile>
    <ClCompile Include="RMC_src\ReadMeshTallyCard.cpp">
      <Filter>源文件\Input</Filter>
    </ClCompile>
    <ClCompile Include="RMC_src\Plot_OnSurfTreat.cpp">
      <Filter>源文件\Plot</Filter>
    </ClCompile>
    <ClCompile Include="RMC_src\Plot.cpp">
      <Filter>源文件\Plot</Filter>
    </ClCompile>
    <ClCompile Include="RMC_src\Nuclide.cpp">
      <Filter>源文件\AceData</Filter>
    </ClCompile>
    <ClCompile Include="RMC_src\PrintCellVec.cpp">
      <Filter>源文件\Output</Filter>
    </ClCompile>
    <ClCompile Include="RMC_src\PrintFile.cpp">
      <Filter>源文件\Output</Filter>
    </ClCompile>
    <ClCompile Include="RMC_src\OutputSummary.cpp">
      <Filter>源文件\Output</Filter>
    </ClCompile>
    <ClCompile Include="RMC_src\CloseFilePtrs.cpp">
      <Filter>源文件\Output</Filter>
    </ClCompile>
    <ClCompile Include="RMC_src\OpenFilePtrs.cpp">
      <Filter>源文件\Output</Filter>
    </ClCompile>
    <ClCompile Include="RMC_src\OutputEnding.cpp">
      <Filter>源文件\Output</Filter>
    </ClCompile>
    <ClCompile Include="RMC_src\OutputHeading.cpp">
      <Filter>源文件\Output</Filter>
    </ClCompile>
    <ClCompile Include="RMC_src\TreatSabCollision.cpp">
      <Filter>源文件\AceData</Filter>
    </ClCompile>
    <ClCompile Include="RMC_src\SI_ReadInuptBlocks.cpp">
      <Filter>源文件\Input</Filter>
    </ClCompile>
    <ClCompile Include="RMC_src\SI_ReadBurnupBlock.cpp">
      <Filter>源文件\Input</Filter>
    </ClCompile>
    <ClCompile Include="RMC_src\SI_ReadCardOptions.cpp">
      <Filter>源文件\Input</Filter>
    </ClCompile>
    <ClCompile Include="RMC_src\SI_ReadCellCard.cpp">
      <Filter>源文件\Input</Filter>
    </ClCompile>
    <ClCompile Include="RMC_src\SI_ReadCellSurfBool.cpp">
      <Filter>源文件\Input</Filter>
    </ClCompile>
    <ClCompile Include="RMC_src\SI_ReadCellTallyCard.cpp">
      <Filter>源文件\Input</Filter>
    </ClCompile>
    <ClCompile Include="RMC_src\SI_ReadConvergenceBlock.cpp">
      <Filter>源文件\Input</Filter>
    </ClCompile>
    <ClCompile Include="RMC_src\SI_ReadCriticalityBlock.cpp">
      <Filter>源文件\Input</Filter>
    </ClCompile>
    <ClCompile Include="RMC_src\SI_ReadCsTallyCard.cpp">
      <Filter>源文件\Input</Filter>
    </ClCompile>
    <ClCompile Include="RMC_src\SI_ReadMaterialBlock.cpp">
      <Filter>源文件\Input</Filter>
    </ClCompile>
    <ClCompile Include="RMC_src\SI_ReadMeshPara.cpp">
      <Filter>源文件\Input</Filter>
    </ClCompile>
    <ClCompile Include="RMC_src\SI_ReadMeshTallyCard.cpp">
      <Filter>源文件\Input</Filter>
    </ClCompile>
    <ClCompile Include="RMC_src\SI_ReadPlotBlock.cpp">
      <Filter>源文件\Input</Filter>
    </ClCompile>
    <ClCompile Include="RMC_src\SI_ReadPrintBlock.cpp">
      <Filter>源文件\Input</Filter>
    </ClCompile>
    <ClCompile Include="RMC_src\SI_ReadSurfaceBlock.cpp">
      <Filter>源文件\Input</Filter>
    </ClCompile>
    <ClCompile Include="RMC_src\SI_ReadTallyBlock.cpp">
      <Filter>源文件\Input</Filter>
    </ClCompile>
    <ClCompile Include="RMC_src\SI_ReadTallyCells.cpp">
      <Filter>源文件\Input</Filter>
    </ClCompile>
    <ClCompile Include="RMC_src\SI_ReadUniverseBlock.cpp">
      <Filter>源文件\Input</Filter>
    </ClCompile>
    <ClCompile Include="RMC_src\ReadFixedSourceBlock.cpp">
      <Filter>源文件\Input</Filter>
    </ClCompile>
    <ClCompile Include="RMC_src\CheckSabMaterial.cpp">
      <Filter>源文件\Material</Filter>
    </ClCompile>
    <ClCompile Include="RMC_src\CheckUsedMat.cpp">
      <Filter>源文件\Material</Filter>
    </ClCompile>
    <ClCompile Include="RMC_src\ConvertMatNucDen.cpp">
      <Filter>源文件\Material</Filter>
    </ClCompile>
    <ClCompile Include="RMC_src\ConvertMatNucIndex.cpp">
      <Filter>源文件\Material</Filter>
    </ClCompile>
    <ClCompile Include="RMC_src\DopplerBroaden.cpp">
      <Filter>源文件\Material</Filter>
    </ClCompile>
    <ClCompile Include="RMC_src\GenTotNucIdList.cpp">
      <Filter>源文件\Material</Filter>
    </ClCompile>
    <ClCompile Include="RMC_src\GetMatFuelDen.cpp">
      <Filter>源文件\Material</Filter>
    </ClCompile>
    <ClCompile Include="RMC_src\InitiateMatAce.cpp">
      <Filter>源文件\Material</Filter>
    </ClCompile>
    <ClCompile Include="RMC_src\MaterialFunctions.cpp">
      <Filter>源文件\Material</Filter>
    </ClCompile>
    <ClCompile Include="RMC_src\SI_ReadMatCard.cpp">
      <Filter>源文件\Input</Filter>
    </ClCompile>
    <ClCompile Include="RMC_src\ExpandLatMatInput.cpp">
      <Filter>源文件\Geometry</Filter>
    </ClCompile>
    <ClCompile Include="RMC_src\CheckDepletionNuc.cpp">
      <Filter>源文件\Burnup</Filter>
    </ClCompile>
    <ClCompile Include="RMC_src\Plot_GetMatbyLocatePos.cpp">
      <Filter>源文件\Plot</Filter>
    </ClCompile>
    <ClCompile Include="RMC_src\CalcFixedSource.cpp">
      <Filter>源文件\CalMode</Filter>
    </ClCompile>
    <ClCompile Include="RMC_src\InitiateExternalSource.cpp">
      <Filter>源文件\Transport</Filter>
    </ClCompile>
    <ClCompile Include="RMC_src\SampleNeutronSource.cpp">
      <Filter>源文件\Transport</Filter>
    </ClCompile>
    <ClCompile Include="RMC_src\GenerateInputFile.cpp">
      <Filter>源文件\Output</Filter>
    </ClCompile>
    <ClCompile Include="RMC_src\GetExistedNeuSrc.cpp">
      <Filter>源文件\Transport</Filter>
    </ClCompile>
    <ClCompile Include="RMC_src\EstimateInnerProduct.cpp">
      <Filter>源文件\Transport</Filter>
    </ClCompile>
    <ClCompile Include="RMC_src\BankVirtualNeuSource.cpp">
      <Filter>源文件\Transport</Filter>
    </ClCompile>
    <ClCompile Include="RMC_src\ProcessInnerProduct.cpp">
      <Filter>源文件\Transport</Filter>
    </ClCompile>
    <ClCompile Include="RMC_src\PointKinetics.cpp">
      <Filter>源文件\Transport</Filter>
    </ClCompile>
    <ClCompile Include="RMC_src\OutputInnerProduct.cpp">
      <Filter>源文件\Transport</Filter>
    </ClCompile>
    <ClCompile Include="RMC_src\ReadQuasiStaticDBlock.cpp">
      <Filter>源文件\Input</Filter>
    </ClCompile>
    <ClCompile Include="RMC_src\ReadQuasiStaticSBlock.cpp">
      <Filter>源文件\Input</Filter>
    </ClCompile>
    <ClCompile Include="RMC_src\UpdateBurnedMatNucDen.cpp">
      <Filter>源文件\Burnup</Filter>
    </ClCompile>
    <ClCompile Include="RMC_src\OutputMaterialFile.cpp">
      <Filter>源文件\Material</Filter>
    </ClCompile>
    <ClCompile Include="RMC_src\CheckParticleLocation.cpp">
      <Filter>源文件\Geometry</Filter>
    </ClCompile>
    <ClCompile Include="RMC_src\ReadBurnVaryMat.cpp">
      <Filter>源文件\Input</Filter>
    </ClCompile>
  </ItemGroup>
  <ItemGroup>
    <ClInclude Include="RMC_src\Burnup.h">
      <Filter>头文件</Filter>
    </ClInclude>
    <ClInclude Include="RMC_src\AceData.h">
      <Filter>头文件</Filter>
    </ClInclude>
    <ClInclude Include="RMC_src\Geometry.h">
      <Filter>头文件</Filter>
    </ClInclude>
    <ClInclude Include="RMC_src\Material.h">
      <Filter>头文件</Filter>
    </ClInclude>
    <ClInclude Include="RMC_src\Tally.h">
      <Filter>头文件</Filter>
    </ClInclude>
    <ClInclude Include="RMC_src\CalMode.h">
      <Filter>头文件</Filter>
    </ClInclude>
    <ClInclude Include="RMC_src\Convergence.h">
      <Filter>头文件</Filter>
    </ClInclude>
    <ClInclude Include="RMC_src\ParticleState.h">
      <Filter>头文件</Filter>
    </ClInclude>
    <ClInclude Include="RMC_src\Universe.h">
      <Filter>头文件</Filter>
    </ClInclude>
    <ClInclude Include="RMC_src\ParallelClass.h">
      <Filter>头文件</Filter>
    </ClInclude>
    <ClInclude Include="RMC_src\RNG.h">
      <Filter>头文件</Filter>
    </ClInclude>
    <ClInclude Include="RMC_src\CommonHead.h">
      <Filter>头文件</Filter>
    </ClInclude>
    <ClInclude Include="RMC_src\FileIO.h">
      <Filter>头文件</Filter>
    </ClInclude>
    <ClInclude Include="RMC_src\Mesh.h">
      <Filter>头文件</Filter>
    </ClInclude>
    <ClInclude Include="RMC_src\TallyType.h">
      <Filter>头文件</Filter>
    </ClInclude>
    <ClInclude Include="RMC_src\IndexIndexU.h">
      <Filter>头文件</Filter>
    </ClInclude>
    <ClInclude Include="RMC_src\MapClass.h">
      <Filter>头文件</Filter>
    </ClInclude>
    <ClInclude Include="RMC_src\GlobeFun.h">
      <Filter>头文件</Filter>
    </ClInclude>
    <ClInclude Include="RMC_src\GlobeFunFsc.h">
      <Filter>头文件</Filter>
    </ClInclude>
    <ClInclude Include="RMC_src\SeFmNpm.h">
      <Filter>头文件</Filter>
    </ClInclude>
    <ClInclude Include="RMC_src\Plot.h">
      <Filter>头文件</Filter>
    </ClInclude>
    <ClInclude Include="RMC_src\Constants.h">
      <Filter>头文件</Filter>
    </ClInclude>
    <ClInclude Include="RMC_src\Boolean.h">
      <Filter>头文件</Filter>
    </ClInclude>
    <ClInclude Include="RMC_src\Coordinate.h">
      <Filter>头文件</Filter>
    </ClInclude>
    <ClInclude Include="RMC_src\Nuclide.h">
      <Filter>头文件</Filter>
    </ClInclude>
    <ClInclude Include="RMC_src\Criticality.h">
      <Filter>头文件</Filter>
    </ClInclude>
    <ClInclude Include="RMC_src\Output.h">
      <Filter>头文件</Filter>
    </ClInclude>
    <ClInclude Include="RMC_src\Input.h">
      <Filter>头文件</Filter>
    </ClInclude>
    <ClInclude Include="RMC_src\FixedSource.h">
      <Filter>头文件</Filter>
    </ClInclude>
    <ClInclude Include="RMC_src\NeutronTransport.h">
      <Filter>头文件</Filter>
    </ClInclude>
    <ClInclude Include="RMC_src\PointKinetics.h">
      <Filter>头文件</Filter>
    </ClInclude>
    <ClInclude Include="RMC_src\Version.h">
      <Filter>头文件</Filter>
    </ClInclude>
  </ItemGroup>
</Project>